
Microsoft Visual Studio Solution File, Format Version 12.00
# Visual Studio Version 17
VisualStudioVersion = 17.11.35327.3
MinimumVisualStudioVersion = 10.0.40219.1
Project("{FAE04EC0-301F-11D3-BF4B-00C04F79EFBC}") = "MoneyMap", "MoneyMap\MoneyMap.csproj", "{DC45387A-C8B6-48C9-A8E1-A5B8A045078C}"
EndProject
Global
	GlobalSection(SolutionConfigurationPlatforms) = preSolution
		Debug|Any CPU = Debug|Any CPU
		Release|Any CPU = Release|Any CPU
	EndGlobalSection
	GlobalSection(ProjectConfigurationPlatforms) = postSolution
		{DC45387A-C8B6-48C9-A8E1-A5B8A045078C}.Debug|Any CPU.ActiveCfg = Debug|Any CPU
		{DC45387A-C8B6-48C9-A8E1-A5B8A045078C}.Debug|Any CPU.Build.0 = Debug|Any CPU
		{DC45387A-C8B6-48C9-A8E1-A5B8A045078C}.Debug|Any CPU.Deploy.0 = Debug|Any CPU
		{DC45387A-C8B6-48C9-A8E1-A5B8A045078C}.Release|Any CPU.ActiveCfg = Release|Any CPU
		{DC45387A-C8B6-48C9-A8E1-A5B8A045078C}.Release|Any CPU.Build.0 = Release|Any CPU
		{DC45387A-C8B6-48C9-A8E1-A5B8A045078C}.Release|Any CPU.Deploy.0 = Release|Any CPU
	EndGlobalSection
	GlobalSection(SolutionProperties) = preSolution
		HideSolutionNode = FALSE
	EndGlobalSection
	GlobalSection(ExtensibilityGlobals) = postSolution
		SolutionGuid = {987DDB17-00C1-4BB6-B1D3-2CD8A29D38B8}
	EndGlobalSection
EndGlobal
